<Solution>
  <Project Path="Pattern10Visitor/Pattern10Visitor.csproj" Id="4bf600f3-b7b1-4eec-853a-1e28b37f42a8" />
  <Project Path="Pattern11Interpreter/Pattern11Interpreter.csproj" Id="9d24c70a-f01d-47a8-9fd4-b5fdcb7f80c1" />
  <Project Path="Pattern12Composite/Pattern12Composite.csproj" Id="1486f4ac-4922-43cd-8311-4ebf3ecf942e" />
  <Project Path="Pattern13Adapter/Pattern13Adapter.csproj" Id="feb17d35-7852-42c2-aa9b-a74b60a447d8" />
  <Project Path="Pattern14Bridge/Pattern14Bridge.csproj" Id="2c9a9503-bcff-4071-925a-700155d65aca" />
  <Project Path="Pattern1Memento/Pattern1Memento.csproj" Id="042f1fd8-8d51-470f-9cb8-24c347370644" />
  <Project Path="Pattern2State/Pattern2State.csproj" Id="b3c89aa4-ee37-484a-b879-786224c728d1" />
  <Project Path="Pattern3Strategy/Pattern3Strategy.csproj" Id="ea7e55a6-2367-41c1-ac71-c2f477072476" />
  <Project Path="Pattern4Iterator/Pattern4Iterator.csproj" Id="fbf41a6c-a3dc-49ae-b832-6e57beceef5b" />
  <Project Path="Pattern5Command/Pattern5Command.csproj" Id="0c833979-8326-418b-be97-5172017477a0" />
  <Project Path="Pattern6Template/Pattern6Template.csproj" Id="f27d796d-734c-4377-b4ed-5d20a565552f" />
  <Project Path="Pattern7Observer/Pattern7Observer.csproj" Id="3398d9fa-2707-4134-996f-7295a7b90823" />
  <Project Path="Pattern8Mediator/Pattern8Mediator.csproj" Id="af402eb4-3691-45a1-81f1-6698467bbcc0" />
  <Project Path="Pattern9ChainOfResponsability/Pattern9ChainOfResponsability.csproj" Id="a4d6b4be-7d8e-4aaf-9bde-c02d6340e100" />
</Solution>
